
Microsoft Visual Studio Solution File, Format Version 12.00
Project("{FAE04EC0-301F-11D3-BF4B-00C04F79EFBC}") = "FleetManager", "FleetManager\FleetManager.csproj", "{D0E74A70-D63C-4E9A-9A58-51EBCDAD7172}"
EndProject
Project("{FAE04EC0-301F-11D3-BF4B-00C04F79EFBC}") = "FleetManager.Api", "FleetManager.Api\FleetManager.Api.csproj", "{1BA718E7-9ED9-4BF2-9DE7-DA5EAB53DA97}"
EndProject
Global
	GlobalSection(SolutionConfigurationPlatforms) = preSolution
		Debug|Any CPU = Debug|Any CPU
		Release|Any CPU = Release|Any CPU
	EndGlobalSection
	GlobalSection(ProjectConfigurationPlatforms) = postSolution
		{D0E74A70-D63C-4E9A-9A58-51EBCDAD7172}.Debug|Any CPU.ActiveCfg = Debug|Any CPU
		{D0E74A70-D63C-4E9A-9A58-51EBCDAD7172}.Debug|Any CPU.Build.0 = Debug|Any CPU
		{D0E74A70-D63C-4E9A-9A58-51EBCDAD7172}.Release|Any CPU.ActiveCfg = Release|Any CPU
		{D0E74A70-D63C-4E9A-9A58-51EBCDAD7172}.Release|Any CPU.Build.0 = Release|Any CPU
		{1BA718E7-9ED9-4BF2-9DE7-DA5EAB53DA97}.Debug|Any CPU.ActiveCfg = Debug|Any CPU
		{1BA718E7-9ED9-4BF2-9DE7-DA5EAB53DA97}.Debug|Any CPU.Build.0 = Debug|Any CPU
		{1BA718E7-9ED9-4BF2-9DE7-DA5EAB53DA97}.Release|Any CPU.ActiveCfg = Release|Any CPU
		{1BA718E7-9ED9-4BF2-9DE7-DA5EAB53DA97}.Release|Any CPU.Build.0 = Release|Any CPU
	EndGlobalSection
EndGlobal
